
Microsoft Visual Studio Solution File, Format Version 12.00
# Visual Studio Version 17
VisualStudioVersion = 17.5.002.0
MinimumVisualStudioVersion = 10.0.40219.1
Project("{9A19103F-16F7-4668-BE54-9A1E7A4F7556}") = "MonoGameMastery", "MonoGameMastery.csproj", "{1F87B9D6-F46F-40E8-8E63-E8408BB80E03}"
EndProject
Global
	GlobalSection(SolutionConfigurationPlatforms) = preSolution
		Debug|Any CPU = Debug|Any CPU
		Release|Any CPU = Release|Any CPU
	EndGlobalSection
	GlobalSection(ProjectConfigurationPlatforms) = postSolution
		{1F87B9D6-F46F-40E8-8E63-E8408BB80E03}.Debug|Any CPU.ActiveCfg = Debug|Any CPU
		{1F87B9D6-F46F-40E8-8E63-E8408BB80E03}.Debug|Any CPU.Build.0 = Debug|Any CPU
		{1F87B9D6-F46F-40E8-8E63-E8408BB80E03}.Release|Any CPU.ActiveCfg = Release|Any CPU
		{1F87B9D6-F46F-40E8-8E63-E8408BB80E03}.Release|Any CPU.Build.0 = Release|Any CPU
	EndGlobalSection
	GlobalSection(SolutionProperties) = preSolution
		HideSolutionNode = FALSE
	EndGlobalSection
	GlobalSection(ExtensibilityGlobals) = postSolution
		SolutionGuid = {ABA294B8-FD8B-4E1D-BBA4-684E07E70E43}
	EndGlobalSection
EndGlobal
